// !$*UTF8*$!
{
	archiveVersion = 1;
	classes = {
	};
	objectVersion = 46;
	objects = {

/* Begin PBXBuildFile section */
		041058251CF56EF9007BD5A3 /* main.m in Sources */ = {isa = PBXBuildFile; fileRef = 041058241CF56EF9007BD5A3 /* main.m */; };
		041058281CF56EF9007BD5A3 /* AppDelegate.m in Sources */ = {isa = PBXBuildFile; fileRef = 041058271CF56EF9007BD5A3 /* AppDelegate.m */; };
		0410582B1CF56EF9007BD5A3 /* ViewController.m in Sources */ = {isa = PBXBuildFile; fileRef = 0410582A1CF56EF9007BD5A3 /* ViewController.m */; };
		041058301CF56EF9007BD5A3 /* Assets.xcassets in Resources */ = {isa = PBXBuildFile; fileRef = 0410582F1CF56EF9007BD5A3 /* Assets.xcassets */; };
		041058331CF56EF9007BD5A3 /* LaunchScreen.storyboard in Resources */ = {isa = PBXBuildFile; fileRef = 041058311CF56EF9007BD5A3 /* LaunchScreen.storyboard */; };
		0410583B1CF56F93007BD5A3 /* ViewController~ipad.xib in Resources */ = {isa = PBXBuildFile; fileRef = 0410583A1CF56F93007BD5A3 /* ViewController~ipad.xib */; };
		0456F17B1D23D2A1004E69FF /* AddressBook.framework in Frameworks */ = {isa = PBXBuildFile; fileRef = 0456F17A1D23D2A1004E69FF /* AddressBook.framework */; };
		0456F17D1D23D2A6004E69FF /* AddressBookUI.framework in Frameworks */ = {isa = PBXBuildFile; fileRef = 0456F17C1D23D2A6004E69FF /* AddressBookUI.framework */; };
/* End PBXBuildFile section */

/* Begin PBXFileReference section */
		041058201CF56EF9007BD5A3 /* Json_Demo.app */ = {isa = PBXFileReference; explicitFileType = wrapper.application; includeInIndex = 0; path = Json_Demo.app; sourceTree = BUILT_PRODUCTS_DIR; };
		041058241CF56EF9007BD5A3 /* main.m */ = {isa = PBXFileReference; lastKnownFileType = sourcecode.c.objc; path = main.m; sourceTree = "<group>"; };
		041058261CF56EF9007BD5A3 /* AppDelegate.h */ = {isa = PBXFileReference; lastKnownFileType = sourcecode.c.h; path = AppDelegate.h; sourceTree = "<group>"; };
		041058271CF56EF9007BD5A3 /* AppDelegate.m */ = {isa = PBXFileReference; lastKnownFileType = sourcecode.c.objc; path = AppDelegate.m; sourceTree = "<group>"; };
		041058291CF56EF9007BD5A3 /* ViewController.h */ = {isa = PBXFileReference; lastKnownFileType = sourcecode.c.h; path = ViewController.h; sourceTree = "<group>"; };
		0410582A1CF56EF9007BD5A3 /* ViewController.m */ = {isa = PBXFileReference; lastKnownFileType = sourcecode.c.objc; path = ViewController.m; sourceTree = "<group>"; };
		0410582F1CF56EF9007BD5A3 /* Assets.xcassets */ = {isa = PBXFileReference; lastKnownFileType = folder.assetcatalog; path = Assets.xcassets; sourceTree = "<group>"; };
		041058321CF56EF9007BD5A3 /* Base */ = {isa = PBXFileReference; lastKnownFileType = file.storyboard; name = Base; path = Base.lproj/LaunchScreen.storyboard; sourceTree = "<group>"; };
		041058341CF56EF9007BD5A3 /* Info.plist */ = {isa = PBXFileReference; lastKnownFileType = text.plist.xml; path = Info.plist; sourceTree = "<group>"; };
		0410583A1CF56F93007BD5A3 /* ViewController~ipad.xib */ = {isa = PBXFileReference; fileEncoding = 4; lastKnownFileType = file.xib; path = "ViewController~ipad.xib"; sourceTree = "<group>"; };
		0456F17A1D23D2A1004E69FF /* AddressBook.framework */ = {isa = PBXFileReference; lastKnownFileType = wrapper.framework; name = AddressBook.framework; path = System/Library/Frameworks/AddressBook.framework; sourceTree = SDKROOT; };
		0456F17C1D23D2A6004E69FF /* AddressBookUI.framework */ = {isa = PBXFileReference; lastKnownFileType = wrapper.framework; name = AddressBookUI.framework; path = System/Library/Frameworks/AddressBookUI.framework; sourceTree = SDKROOT; };
/* End PBXFileReference section */

/* Begin PBXFrameworksBuildPhase section */
		0410581D1CF56EF9007BD5A3 /* Frameworks */ = {
			isa = PBXFrameworksBuildPhase;
			buildActionMask = 2147483647;
			files = (
				0456F17D1D23D2A6004E69FF /* AddressBookUI.framework in Frameworks */,
				0456F17B1D23D2A1004E69FF /* AddressBook.framework in Frameworks */,
			);
			runOnlyForDeploymentPostprocessing = 0;
		};
/* End PBXFrameworksBuildPhase section */

/* Begin PBXGroup section */
		041058171CF56EF9007BD5A3 = {
			isa = PBXGroup;
			children = (
				0456F17C1D23D2A6004E69FF /* AddressBookUI.framework */,
				0456F17A1D23D2A1004E69FF /* AddressBook.framework */,
				041058221CF56EF9007BD5A3 /* Json_Demo */,
				041058211CF56EF9007BD5A3 /* Products */,
			);
			sourceTree = "<group>";
		};
		041058211CF56EF9007BD5A3 /* Products */ = {
			isa = PBXGroup;
			children = (
				041058201CF56EF9007BD5A3 /* Json_Demo.app */,
			);
			name = Products;
			sourceTree = "<group>";
		};
		041058221CF56EF9007BD5A3 /* Json_Demo */ = {
			isa = PBXGroup;
			children = (
				041058261CF56EF9007BD5A3 /* AppDelegate.h */,
				041058271CF56EF9007BD5A3 /* AppDelegate.m */,
				041058291CF56EF9007BD5A3 /* ViewController.h */,
				0410582A1CF56EF9007BD5A3 /* ViewController.m */,
				0410583A1CF56F93007BD5A3 /* ViewController~ipad.xib */,
				0410582F1CF56EF9007BD5A3 /* Assets.xcassets */,
				041058311CF56EF9007BD5A3 /* LaunchScreen.storyboard */,
				041058341CF56EF9007BD5A3 /* Info.plist */,
				041058231CF56EF9007BD5A3 /* Supporting Files */,
			);
			path = Json_Demo;
			sourceTree = "<group>";
		};
		041058231CF56EF9007BD5A3 /* Supporting Files */ = {
			isa = PBXGroup;
			children = (
				041058241CF56EF9007BD5A3 /* main.m */,
			);
			name = "Supporting Files";
			sourceTree = "<group>";
		};
/* End PBXGroup section */

/* Begin PBXNativeTarget section */
		0410581F1CF56EF9007BD5A3 /* Json_Demo */ = {
			isa = PBXNativeTarget;
			buildConfigurationList = 041058371CF56EF9007BD5A3 /* Build configuration list for PBXNativeTarget "Json_Demo" */;
			buildPhases = (
				0410581C1CF56EF9007BD5A3 /* Sources */,
				0410581D1CF56EF9007BD5A3 /* Frameworks */,
				0410581E1CF56EF9007BD5A3 /* Resources */,
			);
			buildRules = (
			);
			dependencies = (
			);
			name = Json_Demo;
			productName = Json_Demo;
			productReference = 041058201CF56EF9007BD5A3 /* Json_Demo.app */;
			productType = "com.apple.product-type.application";
		};
/* End PBXNativeTarget section */

/* Begin PBXProject section */
		041058181CF56EF9007BD5A3 /* Project object */ = {
			isa = PBXProject;
			attributes = {
				LastUpgradeCheck = 0730;
				ORGANIZATIONNAME = "Priti Suthar";
				TargetAttributes = {
					0410581F1CF56EF9007BD5A3 = {
						CreatedOnToolsVersion = 7.3;
					};
				};
			};
			buildConfigurationList = 0410581B1CF56EF9007BD5A3 /* Build configuration list for PBXProject "Json_Demo" */;
			compatibilityVersion = "Xcode 3.2";
			developmentRegion = English;
			hasScannedForEncodings = 0;
			knownRegions = (
				en,
				Base,
			);
			mainGroup = 041058171CF56EF9007BD5A3;
			productRefGroup = 041058211CF56EF9007BD5A3 /* Products */;
			projectDirPath = "";
			projectRoot = "";
			targets = (
				0410581F1CF56EF9007BD5A3 /* Json_Demo */,
			);
		};
/* End PBXProject section */

/* Begin PBXResourcesBuildPhase section */
		0410581E1CF56EF9007BD5A3 /* Resources */ = {
			isa = PBXResourcesBuildPhase;
			buildActionMask = 2147483647;
			files = (
				0410583B1CF56F93007BD5A3 /* ViewController~ipad.xib in Resources */,
				041058331CF56EF9007BD5A3 /* LaunchScreen.storyboard in Resources */,
				041058301CF56EF9007BD5A3 /* Assets.xcassets in Resources */,
			);
			runOnlyForDeploymentPostprocessing = 0;
		};
/* End PBXResourcesBuildPhase section */

/* Begin PBXSourcesBuildPhase section */
		0410581C1CF56EF9007BD5A3 /* Sources */ = {
			isa = PBXSourcesBuildPhase;
			buildActionMask = 2147483647;
			files = (
				0410582B1CF56EF9007BD5A3 /* ViewController.m in Sources */,
				041058281CF56EF9007BD5A3 /* AppDelegate.m in Sources */,
				041058251CF56EF9007BD5A3 /* main.m in Sources */,
			);
			runOnlyForDeploymentPostprocessing = 0;
		};
/* End PBXSourcesBuildPhase section */

/* Begin PBXVariantGroup section */
		041058311CF56EF9007BD5A3 /* LaunchScreen.storyboard */ = {
			isa = PBXVariantGroup;
			children = (
				041058321CF56EF9007BD5A3 /* Base */,
			);
			name = LaunchScreen.storyboard;
			sourceTree = "<group>";
		};
/* End PBXVariantGroup section */

/* Begin XCBuildConfiguration section */
		041058351CF56EF9007BD5A3 /* Debug */ = {
			isa = XCBuildConfiguration;
			buildSettings = {
				ALWAYS_SEARCH_USER_PATHS = NO;
				CLANG_ANALYZER_NONNULL = YES;
				CLANG_CXX_LANGUAGE_STANDARD = "gnu++0x";
				CLANG_CXX_LIBRARY = "libc++";
				CLANG_ENABLE_MODULES = YES;
				CLANG_ENABLE_OBJC_ARC = YES;
				CLANG_WARN_BOOL_CONVERSION = YES;
				CLANG_WARN_CONSTANT_CONVERSION = YES;
				CLANG_WARN_DIRECT_OBJC_ISA_USAGE = YES_ERROR;
				CLANG_WARN_EMPTY_BODY = YES;
				CLANG_WARN_ENUM_CONVERSION = YES;
				CLANG_WARN_INT_CONVERSION = YES;
				CLANG_WARN_OBJC_ROOT_CLASS = YES_ERROR;
				CLANG_WARN_UNREACHABLE_CODE = YES;
				CLANG_WARN__DUPLICATE_METHOD_MATCH = YES;
				"CODE_SIGN_IDENTITY[sdk=iphoneos*]" = "iPhone Developer";
				COPY_PHASE_STRIP = NO;
				DEBUG_INFORMATION_FORMAT = dwarf;
				ENABLE_STRICT_OBJC_MSGSEND = YES;
				ENABLE_TESTABILITY = YES;
				GCC_C_LANGUAGE_STANDARD = gnu99;
				GCC_DYNAMIC_NO_PIC = NO;
				GCC_NO_COMMON_BLOCKS = YES;
				GCC_OPTIMIZATION_LEVEL = 0;
				GCC_PREPROCESSOR_DEFINITIONS = (
					"DEBUG=1",
					"$(inherited)",
				);
				GCC_WARN_64_TO_32_BIT_CONVERSION = YES;
				GCC_WARN_ABOUT_RETURN_TYPE = YES_ERROR;
				GCC_WARN_UNDECLARED_SELECTOR = YES;
				GCC_WARN_UNINITIALIZED_AUTOS = YES_AGGRESSIVE;
				GCC_WARN_UNUSED_FUNCTION = YES;
				GCC_WARN_UNUSED_VARIABLE = YES;
				IPHONEOS_DEPLOYMENT_TARGET = 9.3;
				MTL_ENABLE_DEBUG_INFO = YES;
				ONLY_ACTIVE_ARCH = YES;
				SDKROOT = iphoneos;
				TARGETED_DEVICE_FAMILY = "1,2";
			};
			name = Debug;
		};
		041058361CF56EF9007BD5A3 /* Release */ = {
			isa = XCBuildConfiguration;
			buildSettings = {
				ALWAYS_SEARCH_USER_PATHS = NO;
				CLANG_ANALYZER_NONNULL = YES;
				CLANG_CXX_LANGUAGE_STANDARD = "gnu++0x";
				CLANG_CXX_LIBRARY = "libc++";
				CLANG_ENABLE_MODULES = YES;
				CLANG_ENABLE_OBJC_ARC = YES;
				CLANG_WARN_BOOL_CONVERSION = YES;
				CLANG_WARN_CONSTANT_CONVERSION = YES;
				CLANG_WARN_DIRECT_OBJC_ISA_USAGE = YES_ERROR;
				CLANG_WARN_EMPTY_BODY = YES;
				CLANG_WARN_ENUM_CONVERSION = YES;
				CLANG_WARN_INT_CONVERSION = YES;
				CLANG_WARN_OBJC_ROOT_CLASS = YES_ERROR;
				CLANG_WARN_UNREACHABLE_CODE = YES;
				CLANG_WARN__DUPLICATE_METHOD_MATCH = YES;
				"CODE_SIGN_IDENTITY[sdk=iphoneos*]" = "iPhone Developer";
				COPY_PHASE_STRIP = NO;
				DEBUG_INFORMATION_FORMAT = "dwarf-with-dsym";
				ENABLE_NS_ASSERTIONS = NO;
				ENABLE_STRICT_OBJC_MSGSEND = YES;
				GCC_C_LANGUAGE_STANDARD = gnu99;
				GCC_NO_COMMON_BLOCKS = YES;
				GCC_WARN_64_TO_32_BIT_CONVERSION = YES;
				GCC_WARN_ABOUT_RETURN_TYPE = YES_ERROR;
				GCC_WARN_UNDECLARED_SELECTOR = YES;
				GCC_WARN_UNINITIALIZED_AUTOS = YES_AGGRESSIVE;
				GCC_WARN_UNUSED_FUNCTION = YES;
				GCC_WARN_UNUSED_VARIABLE = YES;
				IPHONEOS_DEPLOYMENT_TARGET = 9.3;
				MTL_ENABLE_DEBUG_INFO = NO;
				SDKROOT = iphoneos;
				TARGETED_DEVICE_FAMILY = "1,2";
				VALIDATE_PRODUCT = YES;
			};
			name = Release;
		};
		041058381CF56EF9007BD5A3 /* Debug */ = {
			isa = XCBuildConfiguration;
			buildSettings = {
				ASSETCATALOG_COMPILER_APPICON_NAME = AppIcon;
				INFOPLIST_FILE = Json_Demo/Info.plist;
				LD_RUNPATH_SEARCH_PATHS = "$(inherited) @executable_path/Frameworks";
				PRODUCT_BUNDLE_IDENTIFIER = "Priti.Json-Demo";
				PRODUCT_NAME = "$(TARGET_NAME)";
			};
			name = Debug;
		};
		041058391CF56EF9007BD5A3 /* Release */ = {
			isa = XCBuildConfiguration;
			buildSettings = {
				ASSETCATALOG_COMPILER_APPICON_NAME = AppIcon;
				INFOPLIST_FILE = Json_Demo/Info.plist;
				LD_RUNPATH_SEARCH_PATHS = "$(inherited) @executable_path/Frameworks";
				PRODUCT_BUNDLE_IDENTIFIER = "Priti.Json-Demo";
				PRODUCT_NAME = "$(TARGET_NAME)";
			};
			name = Release;
		};
/* End XCBuildConfiguration section */

/* Begin XCConfigurationList section */
		0410581B1CF56EF9007BD5A3 /* Build configuration list for PBXProject "Json_Demo" */ = {
			isa = XCConfigurationList;
			buildConfigurations = (
				041058351CF56EF9007BD5A3 /* Debug */,
				041058361CF56EF9007BD5A3 /* Release */,
			);
			defaultConfigurationIsVisible = 0;
			defaultConfigurationName = Release;
		};
		041058371CF56EF9007BD5A3 /* Build configuration list for PBXNativeTarget "Json_Demo" */ = {
			isa = XCConfigurationList;
			buildConfigurations = (
				041058381CF56EF9007BD5A3 /* Debug */,
				041058391CF56EF9007BD5A3 /* Release */,
			);
			defaultConfigurationIsVisible = 0;
			defaultConfigurationName = Release;
		};
/* End XCConfigurationList section */
	};
	rootObject = 041058181CF56EF9007BD5A3 /* Project object */;
}
